
Microsoft Visual Studio Solution File, Format Version 12.00
# Visual Studio Version 16
VisualStudioVersion = 16.0.31624.102
MinimumVisualStudioVersion = 10.0.40219.1
Project("{FAE04EC0-301F-11D3-BF4B-00C04F79EFBC}") = "NomasAccidentesLocal", "NomasAccidentesLocal\NomasAccidentesLocal.csproj", "{4BF553C7-3BD2-4CAB-AA16-AC19F333619C}"
EndProject
Project("{FAE04EC0-301F-11D3-BF4B-00C04F79EFBC}") = "NomasAccidentes.Dalc", "NomasAccidentes.Dalc\NomasAccidentes.Dalc.csproj", "{7B0BD46D-FCB4-4F44-8012-54AFFBA2DCE3}"
EndProject
Project("{FAE04EC0-301F-11D3-BF4B-00C04F79EFBC}") = "NomasAccidentes.Negocio", "NomasAccidentes.Negocio\NomasAccidentes.Negocio.csproj", "{D85E9F31-C4B1-40E4-ABD1-1E35AFFB4CE8}"
EndProject
Global
	GlobalSection(SolutionConfigurationPlatforms) = preSolution
		Debug|Any CPU = Debug|Any CPU
		Release|Any CPU = Release|Any CPU
	EndGlobalSection
	GlobalSection(ProjectConfigurationPlatforms) = postSolution
		{4BF553C7-3BD2-4CAB-AA16-AC19F333619C}.Debug|Any CPU.ActiveCfg = Debug|Any CPU
		{4BF553C7-3BD2-4CAB-AA16-AC19F333619C}.Debug|Any CPU.Build.0 = Debug|Any CPU
		{4BF553C7-3BD2-4CAB-AA16-AC19F333619C}.Release|Any CPU.ActiveCfg = Release|Any CPU
		{4BF553C7-3BD2-4CAB-AA16-AC19F333619C}.Release|Any CPU.Build.0 = Release|Any CPU
		{7B0BD46D-FCB4-4F44-8012-54AFFBA2DCE3}.Debug|Any CPU.ActiveCfg = Debug|Any CPU
		{7B0BD46D-FCB4-4F44-8012-54AFFBA2DCE3}.Debug|Any CPU.Build.0 = Debug|Any CPU
		{7B0BD46D-FCB4-4F44-8012-54AFFBA2DCE3}.Release|Any CPU.ActiveCfg = Release|Any CPU
		{7B0BD46D-FCB4-4F44-8012-54AFFBA2DCE3}.Release|Any CPU.Build.0 = Release|Any CPU
		{D85E9F31-C4B1-40E4-ABD1-1E35AFFB4CE8}.Debug|Any CPU.ActiveCfg = Debug|Any CPU
		{D85E9F31-C4B1-40E4-ABD1-1E35AFFB4CE8}.Debug|Any CPU.Build.0 = Debug|Any CPU
		{D85E9F31-C4B1-40E4-ABD1-1E35AFFB4CE8}.Release|Any CPU.ActiveCfg = Release|Any CPU
		{D85E9F31-C4B1-40E4-ABD1-1E35AFFB4CE8}.Release|Any CPU.Build.0 = Release|Any CPU
	EndGlobalSection
	GlobalSection(SolutionProperties) = preSolution
		HideSolutionNode = FALSE
	EndGlobalSection
	GlobalSection(ExtensibilityGlobals) = postSolution
		SolutionGuid = {CBEA8090-7571-4E98-A640-5A87D740200E}
	EndGlobalSection
EndGlobal
